
Microsoft Visual Studio Solution File, Format Version 12.00
# Visual Studio Version 17
VisualStudioVersion = 17.8.34511.84
MinimumVisualStudioVersion = 10.0.40219.1
Project("{FAE04EC0-301F-11D3-BF4B-00C04F79EFBC}") = "JobPolice", "JobPolice.csproj", "{15A0CD78-9B94-42E8-B541-6238B7EC9873}"
EndProject
Global
	GlobalSection(SolutionConfigurationPlatforms) = preSolution
		Debug|Any CPU = Debug|Any CPU
		Release|Any CPU = Release|Any CPU
	EndGlobalSection
	GlobalSection(ProjectConfigurationPlatforms) = postSolution
		{15A0CD78-9B94-42E8-B541-6238B7EC9873}.Debug|Any CPU.ActiveCfg = Debug|Any CPU
		{15A0CD78-9B94-42E8-B541-6238B7EC9873}.Debug|Any CPU.Build.0 = Debug|Any CPU
		{15A0CD78-9B94-42E8-B541-6238B7EC9873}.Release|Any CPU.ActiveCfg = Release|Any CPU
		{15A0CD78-9B94-42E8-B541-6238B7EC9873}.Release|Any CPU.Build.0 = Release|Any CPU
	EndGlobalSection
	GlobalSection(SolutionProperties) = preSolution
		HideSolutionNode = FALSE
	EndGlobalSection
	GlobalSection(ExtensibilityGlobals) = postSolution
		SolutionGuid = {87ED6061-BC52-47B2-8FC6-35E0B3A50C2A}
	EndGlobalSection
EndGlobal
